
Microsoft Visual Studio Solution File, Format Version 12.00
# Visual Studio Version 17
VisualStudioVersion = 17.8.34330.188
MinimumVisualStudioVersion = 10.0.40219.1
Project("{9A19103F-16F7-4668-BE54-9A1E7A4F7556}") = "Algorithms Study", "Algorithms Study.csproj", "{27980857-CEBD-4C68-9AA4-FE42F1AA8020}"
EndProject
Project("{9A19103F-16F7-4668-BE54-9A1E7A4F7556}") = "Week-02", "Week-02\Week-02.csproj", "{72FFFCEF-344F-4C67-AE7A-41AF368BD7A8}"
EndProject
Project("{9A19103F-16F7-4668-BE54-9A1E7A4F7556}") = "Week-01", "Week-01\Week-01.csproj", "{A3BA093E-B556-4FBC-B4E5-FA11FB4C7270}"
EndProject
Project("{9A19103F-16F7-4668-BE54-9A1E7A4F7556}") = "Week-03", "Week-03\Week-03.csproj", "{E25631E4-2FF0-4D26-827D-4EB223E6EC15}"
EndProject
Project("{9A19103F-16F7-4668-BE54-9A1E7A4F7556}") = "Week-05", "Week-05\Week-05.csproj", "{693C8ED9-1461-406E-8DE6-D50C10CDBAF6}"
EndProject
Project("{9A19103F-16F7-4668-BE54-9A1E7A4F7556}") = "Week-06", "Week-06\Week-06.csproj", "{026A8834-346D-4791-B9A5-8ACDA10C14AB}"
EndProject
Project("{FAE04EC0-301F-11D3-BF4B-00C04F79EFBC}") = "October-1st", "October-1st\October-1st.csproj", "{CDDA2B66-9506-44A1-B40E-4A2E8BD9DCCD}"
EndProject
Global
	GlobalSection(SolutionConfigurationPlatforms) = preSolution
		Debug|Any CPU = Debug|Any CPU
		Release|Any CPU = Release|Any CPU
	EndGlobalSection
	GlobalSection(ProjectConfigurationPlatforms) = postSolution
		{27980857-CEBD-4C68-9AA4-FE42F1AA8020}.Debug|Any CPU.ActiveCfg = Debug|Any CPU
		{27980857-CEBD-4C68-9AA4-FE42F1AA8020}.Debug|Any CPU.Build.0 = Debug|Any CPU
		{27980857-CEBD-4C68-9AA4-FE42F1AA8020}.Release|Any CPU.ActiveCfg = Release|Any CPU
		{27980857-CEBD-4C68-9AA4-FE42F1AA8020}.Release|Any CPU.Build.0 = Release|Any CPU
		{72FFFCEF-344F-4C67-AE7A-41AF368BD7A8}.Debug|Any CPU.ActiveCfg = Debug|Any CPU
		{72FFFCEF-344F-4C67-AE7A-41AF368BD7A8}.Debug|Any CPU.Build.0 = Debug|Any CPU
		{72FFFCEF-344F-4C67-AE7A-41AF368BD7A8}.Release|Any CPU.ActiveCfg = Release|Any CPU
		{72FFFCEF-344F-4C67-AE7A-41AF368BD7A8}.Release|Any CPU.Build.0 = Release|Any CPU
		{A3BA093E-B556-4FBC-B4E5-FA11FB4C7270}.Debug|Any CPU.ActiveCfg = Debug|Any CPU
		{A3BA093E-B556-4FBC-B4E5-FA11FB4C7270}.Debug|Any CPU.Build.0 = Debug|Any CPU
		{A3BA093E-B556-4FBC-B4E5-FA11FB4C7270}.Release|Any CPU.ActiveCfg = Release|Any CPU
		{A3BA093E-B556-4FBC-B4E5-FA11FB4C7270}.Release|Any CPU.Build.0 = Release|Any CPU
		{E25631E4-2FF0-4D26-827D-4EB223E6EC15}.Debug|Any CPU.ActiveCfg = Debug|Any CPU
		{E25631E4-2FF0-4D26-827D-4EB223E6EC15}.Debug|Any CPU.Build.0 = Debug|Any CPU
		{E25631E4-2FF0-4D26-827D-4EB223E6EC15}.Release|Any CPU.ActiveCfg = Release|Any CPU
		{E25631E4-2FF0-4D26-827D-4EB223E6EC15}.Release|Any CPU.Build.0 = Release|Any CPU
		{693C8ED9-1461-406E-8DE6-D50C10CDBAF6}.Debug|Any CPU.ActiveCfg = Debug|Any CPU
		{693C8ED9-1461-406E-8DE6-D50C10CDBAF6}.Debug|Any CPU.Build.0 = Debug|Any CPU
		{693C8ED9-1461-406E-8DE6-D50C10CDBAF6}.Release|Any CPU.ActiveCfg = Release|Any CPU
		{693C8ED9-1461-406E-8DE6-D50C10CDBAF6}.Release|Any CPU.Build.0 = Release|Any CPU
		{026A8834-346D-4791-B9A5-8ACDA10C14AB}.Debug|Any CPU.ActiveCfg = Debug|Any CPU
		{026A8834-346D-4791-B9A5-8ACDA10C14AB}.Debug|Any CPU.Build.0 = Debug|Any CPU
		{026A8834-346D-4791-B9A5-8ACDA10C14AB}.Release|Any CPU.ActiveCfg = Release|Any CPU
		{026A8834-346D-4791-B9A5-8ACDA10C14AB}.Release|Any CPU.Build.0 = Release|Any CPU
		{CDDA2B66-9506-44A1-B40E-4A2E8BD9DCCD}.Debug|Any CPU.ActiveCfg = Debug|Any CPU
		{CDDA2B66-9506-44A1-B40E-4A2E8BD9DCCD}.Debug|Any CPU.Build.0 = Debug|Any CPU
		{CDDA2B66-9506-44A1-B40E-4A2E8BD9DCCD}.Release|Any CPU.ActiveCfg = Release|Any CPU
		{CDDA2B66-9506-44A1-B40E-4A2E8BD9DCCD}.Release|Any CPU.Build.0 = Release|Any CPU
	EndGlobalSection
	GlobalSection(SolutionProperties) = preSolution
		HideSolutionNode = FALSE
	EndGlobalSection
	GlobalSection(ExtensibilityGlobals) = postSolution
		SolutionGuid = {569DAD41-F0B8-4028-9E90-5C59C2F671D9}
	EndGlobalSection
EndGlobal
